{
  "originHash" : "cf3db00bdd12cc1c036436455bee6fe90aca090d38b6651d56a0457be5b3d712",
  "pins" : [
    {
      "identity" : "hdrhistogram-swift",
      "kind" : "remoteSourceControl",
      "location" : "https://github.com/HdrHistogram/hdrhistogram-swift.git",
      "state" : {
        "revision" : "93a1618c8aa20f6a521a9da656a3e0591889e9dc",
        "version" : "0.1.3"
      }
    },
    {
      "identity" : "package-benchmark",
      "kind" : "remoteSourceControl",
      "location" : "https://github.com/MahdiBM/package-benchmark.git",
      "state" : {
        "branch" : "mmbm-range-relative-thresholds-options-bak",
        "revision" : "75ac53b9aad1ed26aeae7d0d8f9f08880183d62c"
      }
    },
    {
      "identity" : "package-jemalloc",
      "kind" : "remoteSourceControl",
      "location" : "https://github.com/ordo-one/package-jemalloc.git",
      "state" : {
        "revision" : "e8a5db026963f5bfeac842d9d3f2cc8cde323b49",
        "version" : "1.0.0"
      }
    },
    {
      "identity" : "swift-argument-parser",
      "kind" : "remoteSourceControl",
      "location" : "https://github.com/apple/swift-argument-parser.git",
      "state" : {
        "revision" : "cdd0ef3755280949551dc26dee5de9ddeda89f54",
        "version" : "1.6.2"
      }
    },
    {
      "identity" : "swift-async-algorithms",
      "kind" : "remoteSourceControl",
      "location" : "https://github.com/apple/swift-async-algorithms.git",
      "state" : {
        "revision" : "042e1c4d9d19748c9c228f8d4ebc97bb1e339b0b",
        "version" : "1.0.4"
      }
    },
    {
      "identity" : "swift-atomics",
      "kind" : "remoteSourceControl",
      "location" : "https://github.com/apple/swift-atomics.git",
      "state" : {
        "revision" : "b601256eab081c0f92f059e12818ac1d4f178ff7",
        "version" : "1.3.0"
      }
    },
    {
      "identity" : "swift-collections",
      "kind" : "remoteSourceControl",
      "location" : "https://github.com/apple/swift-collections.git",
      "state" : {
        "revision" : "7b847a3b7008b2dc2f47ca3110d8c782fb2e5c7e",
        "version" : "1.3.0"
      }
    },
    {
      "identity" : "swift-endpoint",
      "kind" : "remoteSourceControl",
      "location" : "https://github.com/swift-dns/swift-endpoint.git",
      "state" : {
        "revision" : "109240e44c2ca000f5750b98aeda3206217bf231",
        "version" : "1.0.0-beta.4"
      }
    },
    {
      "identity" : "swift-idna",
      "kind" : "remoteSourceControl",
      "location" : "https://github.com/swift-dns/swift-idna.git",
      "state" : {
        "revision" : "8ea4f4078883e4ba834243eea0d25674450c44a9",
        "version" : "1.0.0-beta.15"
      }
    },
    {
      "identity" : "swift-log",
      "kind" : "remoteSourceControl",
      "location" : "https://github.com/apple/swift-log.git",
      "state" : {
        "revision" : "ce592ae52f982c847a4efc0dd881cc9eb32d29f2",
        "version" : "1.6.4"
      }
    },
    {
      "identity" : "swift-nio",
      "kind" : "remoteSourceControl",
      "location" : "https://github.com/apple/swift-nio.git",
      "state" : {
        "revision" : "a18bddb0acf7a40d982b2f128ce73ce4ee31f352",
        "version" : "2.86.2"
      }
    },
    {
      "identity" : "swift-nio-transport-services",
      "kind" : "remoteSourceControl",
      "location" : "https://github.com/apple/swift-nio-transport-services.git",
      "state" : {
        "revision" : "df6c28355051c72c884574a6c858bc54f7311ff9",
        "version" : "1.25.2"
      }
    },
    {
      "identity" : "swift-numerics",
      "kind" : "remoteSourceControl",
      "location" : "https://github.com/apple/swift-numerics",
      "state" : {
        "revision" : "0c0290ff6b24942dadb83a929ffaaa1481df04a2",
        "version" : "1.1.1"
      }
    },
    {
      "identity" : "swift-service-lifecycle",
      "kind" : "remoteSourceControl",
      "location" : "https://github.com/swift-server/swift-service-lifecycle.git",
      "state" : {
        "revision" : "0fcc4c9c2d58dd98504c06f7308c86de775396ff",
        "version" : "2.9.0"
      }
    },
    {
      "identity" : "swift-system",
      "kind" : "remoteSourceControl",
      "location" : "https://github.com/apple/swift-system.git",
      "state" : {
        "revision" : "395a77f0aa927f0ff73941d7ac35f2b46d47c9db",
        "version" : "1.6.3"
      }
    },
    {
      "identity" : "texttable",
      "kind" : "remoteSourceControl",
      "location" : "https://github.com/ordo-one/TextTable.git",
      "state" : {
        "revision" : "a27a07300cf4ae322e0079ca0a475c5583dd575f",
        "version" : "0.0.2"
      }
    }
  ],
  "version" : 3
}
